// !$*UTF8*$!
{
	archiveVersion = 1;
	classes = {
	};
	objectVersion = 46;
	objects = {

/* Begin PBXBuildFile section */
		8D3A1BA815A1EB0400EADAE8 /* Foundation.framework in Frameworks */ = {isa = PBXBuildFile; fileRef = 8D3A1BA715A1EB0400EADAE8 /* Foundation.framework */; };
		8D3A1C5A15A2067600EADAE8 /* NSRemoteLog.h in Headers */ = {isa = PBXBuildFile; fileRef = 8D3A1C5815A2067600EADAE8 /* NSRemoteLog.h */; };
		8D3A1C5B15A2067600EADAE8 /* NSRemoteLog.m in Sources */ = {isa = PBXBuildFile; fileRef = 8D3A1C5915A2067600EADAE8 /* NSRemoteLog.m */; };
		8D3A1C5D15A2067F00EADAE8 /* NSRemoteLog-Prefix.pch in Headers */ = {isa = PBXBuildFile; fileRef = 8D3A1C5C15A2067F00EADAE8 /* NSRemoteLog-Prefix.pch */; };
/* End PBXBuildFile section */

/* Begin PBXFileReference section */
		8D3A1BA415A1EB0400EADAE8 /* libNSRemoteLog.a */ = {isa = PBXFileReference; explicitFileType = archive.ar; includeInIndex = 0; path = libNSRemoteLog.a; sourceTree = BUILT_PRODUCTS_DIR; };
		8D3A1BA715A1EB0400EADAE8 /* Foundation.framework */ = {isa = PBXFileReference; lastKnownFileType = wrapper.framework; name = Foundation.framework; path = System/Library/Frameworks/Foundation.framework; sourceTree = SDKROOT; };
		8D3A1C5815A2067600EADAE8 /* NSRemoteLog.h */ = {isa = PBXFileReference; fileEncoding = 4; lastKnownFileType = sourcecode.c.h; path = NSRemoteLog.h; sourceTree = SOURCE_ROOT; };
		8D3A1C5915A2067600EADAE8 /* NSRemoteLog.m */ = {isa = PBXFileReference; fileEncoding = 4; lastKnownFileType = sourcecode.c.objc; path = NSRemoteLog.m; sourceTree = SOURCE_ROOT; };
		8D3A1C5C15A2067F00EADAE8 /* NSRemoteLog-Prefix.pch */ = {isa = PBXFileReference; fileEncoding = 4; lastKnownFileType = sourcecode.c.h; path = "NSRemoteLog-Prefix.pch"; sourceTree = SOURCE_ROOT; };
/* End PBXFileReference section */

/* Begin PBXFrameworksBuildPhase section */
		8D3A1BA115A1EB0400EADAE8 /* Frameworks */ = {
			isa = PBXFrameworksBuildPhase;
			buildActionMask = 2147483647;
			files = (
				8D3A1BA815A1EB0400EADAE8 /* Foundation.framework in Frameworks */,
			);
			runOnlyForDeploymentPostprocessing = 0;
		};
/* End PBXFrameworksBuildPhase section */

/* Begin PBXGroup section */
		8D3A1B9915A1EB0400EADAE8 = {
			isa = PBXGroup;
			children = (
				8D3A1BA915A1EB0400EADAE8 /* NSRemoteLog */,
				8D3A1BA615A1EB0400EADAE8 /* Frameworks */,
				8D3A1BA515A1EB0400EADAE8 /* Products */,
			);
			sourceTree = "<group>";
		};
		8D3A1BA515A1EB0400EADAE8 /* Products */ = {
			isa = PBXGroup;
			children = (
				8D3A1BA415A1EB0400EADAE8 /* libNSRemoteLog.a */,
			);
			name = Products;
			sourceTree = "<group>";
		};
		8D3A1BA615A1EB0400EADAE8 /* Frameworks */ = {
			isa = PBXGroup;
			children = (
				8D3A1BA715A1EB0400EADAE8 /* Foundation.framework */,
			);
			name = Frameworks;
			sourceTree = "<group>";
		};
		8D3A1BA915A1EB0400EADAE8 /* NSRemoteLog */ = {
			isa = PBXGroup;
			children = (
				8D3A1C5815A2067600EADAE8 /* NSRemoteLog.h */,
				8D3A1C5915A2067600EADAE8 /* NSRemoteLog.m */,
				8D3A1BAA15A1EB0400EADAE8 /* Supporting Files */,
			);
			path = NSRemoteLog;
			sourceTree = "<group>";
		};
		8D3A1BAA15A1EB0400EADAE8 /* Supporting Files */ = {
			isa = PBXGroup;
			children = (
				8D3A1C5C15A2067F00EADAE8 /* NSRemoteLog-Prefix.pch */,
			);
			name = "Supporting Files";
			sourceTree = "<group>";
		};
/* End PBXGroup section */

/* Begin PBXHeadersBuildPhase section */
		8D3A1BA215A1EB0400EADAE8 /* Headers */ = {
			isa = PBXHeadersBuildPhase;
			buildActionMask = 2147483647;
			files = (
				8D3A1C5A15A2067600EADAE8 /* NSRemoteLog.h in Headers */,
				8D3A1C5D15A2067F00EADAE8 /* NSRemoteLog-Prefix.pch in Headers */,
			);
			runOnlyForDeploymentPostprocessing = 0;
		};
/* End PBXHeadersBuildPhase section */

/* Begin PBXNativeTarget section */
		8D3A1BA315A1EB0400EADAE8 /* NSRemoteLog */ = {
			isa = PBXNativeTarget;
			buildConfigurationList = 8D3A1BB115A1EB0400EADAE8 /* Build configuration list for PBXNativeTarget "NSRemoteLog" */;
			buildPhases = (
				8D3A1BA015A1EB0400EADAE8 /* Sources */,
				8D3A1BA115A1EB0400EADAE8 /* Frameworks */,
				8D3A1BA215A1EB0400EADAE8 /* Headers */,
			);
			buildRules = (
			);
			dependencies = (
			);
			name = NSRemoteLog;
			productName = NSRemoteLog;
			productReference = 8D3A1BA415A1EB0400EADAE8 /* libNSRemoteLog.a */;
			productType = "com.apple.product-type.library.static";
		};
/* End PBXNativeTarget section */

/* Begin PBXProject section */
		8D3A1B9B15A1EB0400EADAE8 /* Project object */ = {
			isa = PBXProject;
			attributes = {
				LastUpgradeCheck = 0430;
				ORGANIZATIONNAME = "+plugg";
			};
			buildConfigurationList = 8D3A1B9E15A1EB0400EADAE8 /* Build configuration list for PBXProject "NSRemoteLog" */;
			compatibilityVersion = "Xcode 3.2";
			developmentRegion = English;
			hasScannedForEncodings = 0;
			knownRegions = (
				en,
			);
			mainGroup = 8D3A1B9915A1EB0400EADAE8;
			productRefGroup = 8D3A1BA515A1EB0400EADAE8 /* Products */;
			projectDirPath = "";
			projectRoot = "";
			targets = (
				8D3A1BA315A1EB0400EADAE8 /* NSRemoteLog */,
			);
		};
/* End PBXProject section */

/* Begin PBXSourcesBuildPhase section */
		8D3A1BA015A1EB0400EADAE8 /* Sources */ = {
			isa = PBXSourcesBuildPhase;
			buildActionMask = 2147483647;
			files = (
				8D3A1C5B15A2067600EADAE8 /* NSRemoteLog.m in Sources */,
			);
			runOnlyForDeploymentPostprocessing = 0;
		};
/* End PBXSourcesBuildPhase section */

/* Begin XCBuildConfiguration section */
		8D3A1BAF15A1EB0400EADAE8 /* Debug */ = {
			isa = XCBuildConfiguration;
			buildSettings = {
				ALWAYS_SEARCH_USER_PATHS = NO;
				ARCHS = "$(ARCHS_STANDARD_32_BIT)";
				CLANG_ENABLE_OBJC_ARC = YES;
				COPY_PHASE_STRIP = NO;
				GCC_C_LANGUAGE_STANDARD = gnu99;
				GCC_DYNAMIC_NO_PIC = NO;
				GCC_OPTIMIZATION_LEVEL = 0;
				GCC_PREPROCESSOR_DEFINITIONS = (
					"DEBUG=1",
					"$(inherited)",
				);
				GCC_SYMBOLS_PRIVATE_EXTERN = NO;
				GCC_VERSION = com.apple.compilers.llvm.clang.1_0;
				GCC_WARN_ABOUT_RETURN_TYPE = YES;
				GCC_WARN_UNINITIALIZED_AUTOS = YES;
				GCC_WARN_UNUSED_VARIABLE = YES;
				IPHONEOS_DEPLOYMENT_TARGET = 5.1;
				SDKROOT = iphoneos;
			};
			name = Debug;
		};
		8D3A1BB015A1EB0400EADAE8 /* Release */ = {
			isa = XCBuildConfiguration;
			buildSettings = {
				ALWAYS_SEARCH_USER_PATHS = NO;
				ARCHS = "$(ARCHS_STANDARD_32_BIT)";
				CLANG_ENABLE_OBJC_ARC = YES;
				COPY_PHASE_STRIP = YES;
				GCC_C_LANGUAGE_STANDARD = gnu99;
				GCC_VERSION = com.apple.compilers.llvm.clang.1_0;
				GCC_WARN_ABOUT_RETURN_TYPE = YES;
				GCC_WARN_UNINITIALIZED_AUTOS = YES;
				GCC_WARN_UNUSED_VARIABLE = YES;
				IPHONEOS_DEPLOYMENT_TARGET = 5.1;
				SDKROOT = iphoneos;
				VALIDATE_PRODUCT = YES;
			};
			name = Release;
		};
		8D3A1BB215A1EB0400EADAE8 /* Debug */ = {
			isa = XCBuildConfiguration;
			buildSettings = {
				DSTROOT = /tmp/NSRemoteLog.dst;
				GCC_PRECOMPILE_PREFIX_HEADER = YES;
				GCC_PREFIX_HEADER = "NSRemoteLog-Prefix.pch";
				OTHER_LDFLAGS = "-ObjC";
				PRODUCT_NAME = "$(TARGET_NAME)";
				SKIP_INSTALL = YES;
				USER_HEADER_SEARCH_PATHS = "../**";
			};
			name = Debug;
		};
		8D3A1BB315A1EB0400EADAE8 /* Release */ = {
			isa = XCBuildConfiguration;
			buildSettings = {
				DSTROOT = /tmp/NSRemoteLog.dst;
				GCC_PRECOMPILE_PREFIX_HEADER = YES;
				GCC_PREFIX_HEADER = "NSRemoteLog-Prefix.pch";
				OTHER_LDFLAGS = "-ObjC";
				PRODUCT_NAME = "$(TARGET_NAME)";
				SKIP_INSTALL = YES;
				USER_HEADER_SEARCH_PATHS = "../**";
			};
			name = Release;
		};
/* End XCBuildConfiguration section */

/* Begin XCConfigurationList section */
		8D3A1B9E15A1EB0400EADAE8 /* Build configuration list for PBXProject "NSRemoteLog" */ = {
			isa = XCConfigurationList;
			buildConfigurations = (
				8D3A1BAF15A1EB0400EADAE8 /* Debug */,
				8D3A1BB015A1EB0400EADAE8 /* Release */,
			);
			defaultConfigurationIsVisible = 0;
			defaultConfigurationName = Release;
		};
		8D3A1BB115A1EB0400EADAE8 /* Build configuration list for PBXNativeTarget "NSRemoteLog" */ = {
			isa = XCConfigurationList;
			buildConfigurations = (
				8D3A1BB215A1EB0400EADAE8 /* Debug */,
				8D3A1BB315A1EB0400EADAE8 /* Release */,
			);
			defaultConfigurationIsVisible = 0;
			defaultConfigurationName = Release;
		};
/* End XCConfigurationList section */
	};
	rootObject = 8D3A1B9B15A1EB0400EADAE8 /* Project object */;
}
